
Microsoft Visual Studio Solution File, Format Version 12.00
# Visual Studio Version 17
VisualStudioVersion = 17.10.35122.118
MinimumVisualStudioVersion = 10.0.40219.1
Project("{FAE04EC0-301F-11D3-BF4B-00C04F79EFBC}") = "Lab-Passwords-TDD", "Lab-Passwords-TDD\Lab-Passwords-TDD.csproj", "{22E1C989-121A-4452-BB23-5D55AE34E449}"
EndProject
Project("{FAE04EC0-301F-11D3-BF4B-00C04F79EFBC}") = "ConsoleApp1", "ConsoleApp1\ConsoleApp1.csproj", "{254E866E-F9BA-4A2A-9B11-F3DF2116239D}"
EndProject
Global
	GlobalSection(SolutionConfigurationPlatforms) = preSolution
		Debug|Any CPU = Debug|Any CPU
		Release|Any CPU = Release|Any CPU
	EndGlobalSection
	GlobalSection(ProjectConfigurationPlatforms) = postSolution
		{22E1C989-121A-4452-BB23-5D55AE34E449}.Debug|Any CPU.ActiveCfg = Debug|Any CPU
		{22E1C989-121A-4452-BB23-5D55AE34E449}.Debug|Any CPU.Build.0 = Debug|Any CPU
		{22E1C989-121A-4452-BB23-5D55AE34E449}.Release|Any CPU.ActiveCfg = Release|Any CPU
		{22E1C989-121A-4452-BB23-5D55AE34E449}.Release|Any CPU.Build.0 = Release|Any CPU
		{254E866E-F9BA-4A2A-9B11-F3DF2116239D}.Debug|Any CPU.ActiveCfg = Debug|Any CPU
		{254E866E-F9BA-4A2A-9B11-F3DF2116239D}.Debug|Any CPU.Build.0 = Debug|Any CPU
		{254E866E-F9BA-4A2A-9B11-F3DF2116239D}.Release|Any CPU.ActiveCfg = Release|Any CPU
		{254E866E-F9BA-4A2A-9B11-F3DF2116239D}.Release|Any CPU.Build.0 = Release|Any CPU
	EndGlobalSection
	GlobalSection(SolutionProperties) = preSolution
		HideSolutionNode = FALSE
	EndGlobalSection
	GlobalSection(ExtensibilityGlobals) = postSolution
		SolutionGuid = {7AEA9144-B68E-4283-9EA7-A138C5AE8F08}
	EndGlobalSection
EndGlobal
